
Microsoft Visual Studio Solution File, Format Version 12.00
# Visual Studio Version 17
VisualStudioVersion = 17.9.34616.47
MinimumVisualStudioVersion = 10.0.40219.1
Project("{888888A0-9F3D-457C-B088-3A5042F75D52}") = "Web Scraper", "Web Scraper\Web Scraper.pyproj", "{61255BDF-0238-4822-960E-A26D561EB0E0}"
EndProject
Global
	GlobalSection(SolutionConfigurationPlatforms) = preSolution
		Debug|Any CPU = Debug|Any CPU
		Release|Any CPU = Release|Any CPU
	EndGlobalSection
	GlobalSection(ProjectConfigurationPlatforms) = postSolution
		{61255BDF-0238-4822-960E-A26D561EB0E0}.Debug|Any CPU.ActiveCfg = Debug|Any CPU
		{61255BDF-0238-4822-960E-A26D561EB0E0}.Release|Any CPU.ActiveCfg = Release|Any CPU
	EndGlobalSection
	GlobalSection(SolutionProperties) = preSolution
		HideSolutionNode = FALSE
	EndGlobalSection
	GlobalSection(ExtensibilityGlobals) = postSolution
		SolutionGuid = {9B6DE12B-81DE-4617-895A-E081958C23F4}
	EndGlobalSection
EndGlobal
